
Microsoft Visual Studio Solution File, Format Version 12.00
# Visual Studio Version 17
VisualStudioVersion = 17.4.33205.214
MinimumVisualStudioVersion = 10.0.40219.1
Project("{FAE04EC0-301F-11D3-BF4B-00C04F79EFBC}") = "WebApplication2", "WebApplication2\WebApplication2.csproj", "{2EAE0416-BFE9-4029-8EE2-F4AB3504A431}"
EndProject
Global
	GlobalSection(SolutionConfigurationPlatforms) = preSolution
		Debug|Any CPU = Debug|Any CPU
		Release|Any CPU = Release|Any CPU
	EndGlobalSection
	GlobalSection(ProjectConfigurationPlatforms) = postSolution
		{2EAE0416-BFE9-4029-8EE2-F4AB3504A431}.Debug|Any CPU.ActiveCfg = Debug|Any CPU
		{2EAE0416-BFE9-4029-8EE2-F4AB3504A431}.Debug|Any CPU.Build.0 = Debug|Any CPU
		{2EAE0416-BFE9-4029-8EE2-F4AB3504A431}.Release|Any CPU.ActiveCfg = Release|Any CPU
		{2EAE0416-BFE9-4029-8EE2-F4AB3504A431}.Release|Any CPU.Build.0 = Release|Any CPU
	EndGlobalSection
	GlobalSection(SolutionProperties) = preSolution
		HideSolutionNode = FALSE
	EndGlobalSection
	GlobalSection(ExtensibilityGlobals) = postSolution
		SolutionGuid = {B619737A-B68F-48BF-BD56-D30470A7C766}
	EndGlobalSection
EndGlobal
